
Microsoft Visual Studio Solution File, Format Version 12.00
# Visual Studio 15
VisualStudioVersion = 15.0.28010.2048
MinimumVisualStudioVersion = 10.0.40219.1
Project("{FAE04EC0-301F-11D3-BF4B-00C04F79EFBC}") = "Lab7", "Lab7\Lab7.csproj", "{F73A2B46-44BD-4B53-91AB-C1120CF4FEA7}"
EndProject
Global
	GlobalSection(SolutionConfigurationPlatforms) = preSolution
		Debug|Any CPU = Debug|Any CPU
		Release|Any CPU = Release|Any CPU
	EndGlobalSection
	GlobalSection(ProjectConfigurationPlatforms) = postSolution
		{F73A2B46-44BD-4B53-91AB-C1120CF4FEA7}.Debug|Any CPU.ActiveCfg = Debug|Any CPU
		{F73A2B46-44BD-4B53-91AB-C1120CF4FEA7}.Debug|Any CPU.Build.0 = Debug|Any CPU
		{F73A2B46-44BD-4B53-91AB-C1120CF4FEA7}.Release|Any CPU.ActiveCfg = Release|Any CPU
		{F73A2B46-44BD-4B53-91AB-C1120CF4FEA7}.Release|Any CPU.Build.0 = Release|Any CPU
	EndGlobalSection
	GlobalSection(SolutionProperties) = preSolution
		HideSolutionNode = FALSE
	EndGlobalSection
	GlobalSection(ExtensibilityGlobals) = postSolution
		SolutionGuid = {530E52C6-B84E-4468-BBFD-3323DFD22362}
	EndGlobalSection
EndGlobal
